
Microsoft Visual Studio Solution File, Format Version 12.00
# Visual Studio Version 17
VisualStudioVersion = 17.8.34525.116
MinimumVisualStudioVersion = 10.0.40219.1
Project("{9A19103F-16F7-4668-BE54-9A1E7A4F7556}") = "WebApplication1", "WebApplication1\WebApplication1.csproj", "{6F1BB083-583F-45DD-A9DE-B68ABCB3E088}"
EndProject
Project("{9A19103F-16F7-4668-BE54-9A1E7A4F7556}") = "MongoDB.Querying", "MongoDB.Querying\MongoDB.Querying.csproj", "{7797EE08-6A3D-4D54-93AA-7B291B59DA4E}"
EndProject
Global
	GlobalSection(SolutionConfigurationPlatforms) = preSolution
		Debug|Any CPU = Debug|Any CPU
		Release|Any CPU = Release|Any CPU
	EndGlobalSection
	GlobalSection(ProjectConfigurationPlatforms) = postSolution
		{6F1BB083-583F-45DD-A9DE-B68ABCB3E088}.Debug|Any CPU.ActiveCfg = Debug|Any CPU
		{6F1BB083-583F-45DD-A9DE-B68ABCB3E088}.Debug|Any CPU.Build.0 = Debug|Any CPU
		{6F1BB083-583F-45DD-A9DE-B68ABCB3E088}.Release|Any CPU.ActiveCfg = Release|Any CPU
		{6F1BB083-583F-45DD-A9DE-B68ABCB3E088}.Release|Any CPU.Build.0 = Release|Any CPU
		{7797EE08-6A3D-4D54-93AA-7B291B59DA4E}.Debug|Any CPU.ActiveCfg = Debug|Any CPU
		{7797EE08-6A3D-4D54-93AA-7B291B59DA4E}.Debug|Any CPU.Build.0 = Debug|Any CPU
		{7797EE08-6A3D-4D54-93AA-7B291B59DA4E}.Release|Any CPU.ActiveCfg = Release|Any CPU
		{7797EE08-6A3D-4D54-93AA-7B291B59DA4E}.Release|Any CPU.Build.0 = Release|Any CPU
	EndGlobalSection
	GlobalSection(SolutionProperties) = preSolution
		HideSolutionNode = FALSE
	EndGlobalSection
	GlobalSection(ExtensibilityGlobals) = postSolution
		SolutionGuid = {3B73EDDE-91EC-4D19-8086-6F0C3D4621DC}
	EndGlobalSection
EndGlobal
